
Microsoft Visual Studio Solution File, Format Version 12.00
# Visual Studio Version 16
VisualStudioVersion = 16.0.29519.87
MinimumVisualStudioVersion = 10.0.40219.1
Project("{FAE04EC0-301F-11D3-BF4B-00C04F79EFBC}") = "Code_Katalon_Test", "Code_Katalon_Test.csproj", "{000AEA28-4E45-4C61-B963-8714EFD0D831}"
EndProject
Global
	GlobalSection(SolutionConfigurationPlatforms) = preSolution
		Debug|Any CPU = Debug|Any CPU
		Release|Any CPU = Release|Any CPU
	EndGlobalSection
	GlobalSection(ProjectConfigurationPlatforms) = postSolution
		{000AEA28-4E45-4C61-B963-8714EFD0D831}.Debug|Any CPU.ActiveCfg = Debug|Any CPU
		{000AEA28-4E45-4C61-B963-8714EFD0D831}.Debug|Any CPU.Build.0 = Debug|Any CPU
		{000AEA28-4E45-4C61-B963-8714EFD0D831}.Release|Any CPU.ActiveCfg = Release|Any CPU
		{000AEA28-4E45-4C61-B963-8714EFD0D831}.Release|Any CPU.Build.0 = Release|Any CPU
	EndGlobalSection
	GlobalSection(SolutionProperties) = preSolution
		HideSolutionNode = FALSE
	EndGlobalSection
	GlobalSection(ExtensibilityGlobals) = postSolution
		SolutionGuid = {267C1821-06DF-44A4-A8A9-6B9EAA0F7D4D}
	EndGlobalSection
EndGlobal
